
Microsoft Visual Studio Solution File, Format Version 12.00
# Visual Studio Version 16
VisualStudioVersion = 16.0.28902.138
MinimumVisualStudioVersion = 10.0.40219.1
Project("{FAE04EC0-301F-11D3-BF4B-00C04F79EFBC}") = "LegionStats", "LegionStats\LegionStats.csproj", "{D4F43C97-A5AC-490C-B894-2C49FFCCA9B4}"
EndProject
Global
	GlobalSection(SolutionConfigurationPlatforms) = preSolution
		Debug|Any CPU = Debug|Any CPU
		Release|Any CPU = Release|Any CPU
	EndGlobalSection
	GlobalSection(ProjectConfigurationPlatforms) = postSolution
		{D4F43C97-A5AC-490C-B894-2C49FFCCA9B4}.Debug|Any CPU.ActiveCfg = Debug|Any CPU
		{D4F43C97-A5AC-490C-B894-2C49FFCCA9B4}.Debug|Any CPU.Build.0 = Debug|Any CPU
		{D4F43C97-A5AC-490C-B894-2C49FFCCA9B4}.Release|Any CPU.ActiveCfg = Release|Any CPU
		{D4F43C97-A5AC-490C-B894-2C49FFCCA9B4}.Release|Any CPU.Build.0 = Release|Any CPU
	EndGlobalSection
	GlobalSection(SolutionProperties) = preSolution
		HideSolutionNode = FALSE
	EndGlobalSection
	GlobalSection(ExtensibilityGlobals) = postSolution
		SolutionGuid = {F9871D0D-B071-451A-90A1-8DD2B92D9BD6}
	EndGlobalSection
EndGlobal
